
Microsoft Visual Studio Solution File, Format Version 12.00
# Visual Studio Version 17
VisualStudioVersion = 17.6.33712.159
MinimumVisualStudioVersion = 10.0.40219.1
Project("{9A19103F-16F7-4668-BE54-9A1E7A4F7556}") = "EMP_NEW", "EMP_NEW\EMP_NEW.csproj", "{90C0255D-48FB-4567-A59C-E514FB766A96}"
EndProject
Global
	GlobalSection(SolutionConfigurationPlatforms) = preSolution
		Debug|Any CPU = Debug|Any CPU
		Release|Any CPU = Release|Any CPU
	EndGlobalSection
	GlobalSection(ProjectConfigurationPlatforms) = postSolution
		{90C0255D-48FB-4567-A59C-E514FB766A96}.Debug|Any CPU.ActiveCfg = Debug|Any CPU
		{90C0255D-48FB-4567-A59C-E514FB766A96}.Debug|Any CPU.Build.0 = Debug|Any CPU
		{90C0255D-48FB-4567-A59C-E514FB766A96}.Release|Any CPU.ActiveCfg = Release|Any CPU
		{90C0255D-48FB-4567-A59C-E514FB766A96}.Release|Any CPU.Build.0 = Release|Any CPU
	EndGlobalSection
	GlobalSection(SolutionProperties) = preSolution
		HideSolutionNode = FALSE
	EndGlobalSection
	GlobalSection(ExtensibilityGlobals) = postSolution
		SolutionGuid = {1A18B4F6-000D-4CBD-A59C-7A67627DC5F0}
	EndGlobalSection
EndGlobal
